
Microsoft Visual Studio Solution File, Format Version 12.00
# Visual Studio Version 16
VisualStudioVersion = 16.0.30128.74
MinimumVisualStudioVersion = 10.0.40219.1
Project("{9A19103F-16F7-4668-BE54-9A1E7A4F7556}") = "Brain", "Brain\Brain.csproj", "{A9F2749F-5F88-4671-8C82-2C6E8D84E3FD}"
EndProject
Project("{9A19103F-16F7-4668-BE54-9A1E7A4F7556}") = "BigMath", "BigMath\BigMath.csproj", "{58152FF9-EC95-4866-931B-DD8F1A4089E1}"
EndProject
Project("{9A19103F-16F7-4668-BE54-9A1E7A4F7556}") = "BigMathTests", "BigMathTests\BigMathTests.csproj", "{23BFF421-44B8-40E3-AB11-029C48C7409D}"
EndProject
Project("{FAE04EC0-301F-11D3-BF4B-00C04F79EFBC}") = "BigData", "BigData\BigData.csproj", "{92050847-37D1-48BC-9F7F-29F184C0F4CE}"
EndProject
Global
	GlobalSection(SolutionConfigurationPlatforms) = preSolution
		Debug|Any CPU = Debug|Any CPU
		Release|Any CPU = Release|Any CPU
	EndGlobalSection
	GlobalSection(ProjectConfigurationPlatforms) = postSolution
		{A9F2749F-5F88-4671-8C82-2C6E8D84E3FD}.Debug|Any CPU.ActiveCfg = Debug|Any CPU
		{A9F2749F-5F88-4671-8C82-2C6E8D84E3FD}.Debug|Any CPU.Build.0 = Debug|Any CPU
		{A9F2749F-5F88-4671-8C82-2C6E8D84E3FD}.Release|Any CPU.ActiveCfg = Release|Any CPU
		{A9F2749F-5F88-4671-8C82-2C6E8D84E3FD}.Release|Any CPU.Build.0 = Release|Any CPU
		{58152FF9-EC95-4866-931B-DD8F1A4089E1}.Debug|Any CPU.ActiveCfg = Debug|Any CPU
		{58152FF9-EC95-4866-931B-DD8F1A4089E1}.Debug|Any CPU.Build.0 = Debug|Any CPU
		{58152FF9-EC95-4866-931B-DD8F1A4089E1}.Release|Any CPU.ActiveCfg = Release|Any CPU
		{58152FF9-EC95-4866-931B-DD8F1A4089E1}.Release|Any CPU.Build.0 = Release|Any CPU
		{23BFF421-44B8-40E3-AB11-029C48C7409D}.Debug|Any CPU.ActiveCfg = Debug|Any CPU
		{23BFF421-44B8-40E3-AB11-029C48C7409D}.Debug|Any CPU.Build.0 = Debug|Any CPU
		{23BFF421-44B8-40E3-AB11-029C48C7409D}.Release|Any CPU.ActiveCfg = Release|Any CPU
		{23BFF421-44B8-40E3-AB11-029C48C7409D}.Release|Any CPU.Build.0 = Release|Any CPU
		{92050847-37D1-48BC-9F7F-29F184C0F4CE}.Debug|Any CPU.ActiveCfg = Debug|Any CPU
		{92050847-37D1-48BC-9F7F-29F184C0F4CE}.Debug|Any CPU.Build.0 = Debug|Any CPU
		{92050847-37D1-48BC-9F7F-29F184C0F4CE}.Release|Any CPU.ActiveCfg = Release|Any CPU
		{92050847-37D1-48BC-9F7F-29F184C0F4CE}.Release|Any CPU.Build.0 = Release|Any CPU
	EndGlobalSection
	GlobalSection(SolutionProperties) = preSolution
		HideSolutionNode = FALSE
	EndGlobalSection
	GlobalSection(ExtensibilityGlobals) = postSolution
		SolutionGuid = {7B01DE9F-A529-4BC9-BB43-2D89D70F2A1E}
	EndGlobalSection
EndGlobal
